
Microsoft Visual Studio Solution File, Format Version 12.00
# Visual Studio Version 17
VisualStudioVersion = 17.2.32616.157
MinimumVisualStudioVersion = 10.0.40219.1
Project("{FAE04EC0-301F-11D3-BF4B-00C04F79EFBC}") = "LargeMethod", "LargeMethod\LargeMethod.csproj", "{42F8CB37-4F14-46EE-AF97-BBA7E3F03781}"
EndProject
Project("{9A19103F-16F7-4668-BE54-9A1E7A4F7556}") = "SmallMethods", "SmallMethods\SmallMethods.csproj", "{9036D041-F907-4EAA-930D-65843D444F2D}"
EndProject
Global
	GlobalSection(SolutionConfigurationPlatforms) = preSolution
		Debug|Any CPU = Debug|Any CPU
		Release|Any CPU = Release|Any CPU
	EndGlobalSection
	GlobalSection(ProjectConfigurationPlatforms) = postSolution
		{42F8CB37-4F14-46EE-AF97-BBA7E3F03781}.Debug|Any CPU.ActiveCfg = Debug|Any CPU
		{42F8CB37-4F14-46EE-AF97-BBA7E3F03781}.Debug|Any CPU.Build.0 = Debug|Any CPU
		{42F8CB37-4F14-46EE-AF97-BBA7E3F03781}.Release|Any CPU.ActiveCfg = Release|Any CPU
		{42F8CB37-4F14-46EE-AF97-BBA7E3F03781}.Release|Any CPU.Build.0 = Release|Any CPU
		{9036D041-F907-4EAA-930D-65843D444F2D}.Debug|Any CPU.ActiveCfg = Debug|Any CPU
		{9036D041-F907-4EAA-930D-65843D444F2D}.Debug|Any CPU.Build.0 = Debug|Any CPU
		{9036D041-F907-4EAA-930D-65843D444F2D}.Release|Any CPU.ActiveCfg = Release|Any CPU
		{9036D041-F907-4EAA-930D-65843D444F2D}.Release|Any CPU.Build.0 = Release|Any CPU
	EndGlobalSection
	GlobalSection(SolutionProperties) = preSolution
		HideSolutionNode = FALSE
	EndGlobalSection
	GlobalSection(ExtensibilityGlobals) = postSolution
		SolutionGuid = {5010A243-E60D-4E56-8A64-66AA56DCDB02}
	EndGlobalSection
EndGlobal
